
Microsoft Visual Studio Solution File, Format Version 12.00
# Visual Studio 14
VisualStudioVersion = 14.0.23107.0
MinimumVisualStudioVersion = 10.0.40219.1
Project("{FAE04EC0-301F-11D3-BF4B-00C04F79EFBC}") = "DCW", "DCW\DCW.csproj", "{9289700F-6F44-4C72-B9DD-CE9699702B4A}"
EndProject
Project("{FAE04EC0-301F-11D3-BF4B-00C04F79EFBC}") = "WebAsyncReq", "WebAsyncReq\WebAsyncReq.csproj", "{8EDF807F-A193-4E79-83BF-1F42321D6DA3}"
EndProject
Global
	GlobalSection(SolutionConfigurationPlatforms) = preSolution
		Debug|Any CPU = Debug|Any CPU
		Release|Any CPU = Release|Any CPU
	EndGlobalSection
	GlobalSection(ProjectConfigurationPlatforms) = postSolution
		{9289700F-6F44-4C72-B9DD-CE9699702B4A}.Debug|Any CPU.ActiveCfg = Debug|Any CPU
		{9289700F-6F44-4C72-B9DD-CE9699702B4A}.Debug|Any CPU.Build.0 = Debug|Any CPU
		{9289700F-6F44-4C72-B9DD-CE9699702B4A}.Release|Any CPU.ActiveCfg = Release|Any CPU
		{9289700F-6F44-4C72-B9DD-CE9699702B4A}.Release|Any CPU.Build.0 = Release|Any CPU
		{8EDF807F-A193-4E79-83BF-1F42321D6DA3}.Debug|Any CPU.ActiveCfg = Debug|Any CPU
		{8EDF807F-A193-4E79-83BF-1F42321D6DA3}.Debug|Any CPU.Build.0 = Debug|Any CPU
		{8EDF807F-A193-4E79-83BF-1F42321D6DA3}.Release|Any CPU.ActiveCfg = Release|Any CPU
		{8EDF807F-A193-4E79-83BF-1F42321D6DA3}.Release|Any CPU.Build.0 = Release|Any CPU
	EndGlobalSection
	GlobalSection(SolutionProperties) = preSolution
		HideSolutionNode = FALSE
	EndGlobalSection
EndGlobal
